// !$*UTF8*$!
{
	archiveVersion = 1;
	classes = {
	};
	objectVersion = 56;
	objects = {

/* Begin PBXBuildFile section */
		A1000001000000000000AA01 /* OCRFlowApp.swift in Sources */ = {isa = PBXBuildFile; fileRef = A1000002000000000000AA01 /* OCRFlowApp.swift */; };
		A1000001000000000000AA02 /* ContentView.swift in Sources */ = {isa = PBXBuildFile; fileRef = A1000002000000000000AA02 /* ContentView.swift */; };
		A1000001000000000000AA03 /* ImageItem.swift in Sources */ = {isa = PBXBuildFile; fileRef = A1000002000000000000AA03 /* ImageItem.swift */; };
		A1000001000000000000AA04 /* OCRViewModel.swift in Sources */ = {isa = PBXBuildFile; fileRef = A1000002000000000000AA04 /* OCRViewModel.swift */; };
		A1000001000000000000AA05 /* SidebarView.swift in Sources */ = {isa = PBXBuildFile; fileRef = A1000002000000000000AA05 /* SidebarView.swift */; };
		A1000001000000000000AA06 /* DetailView.swift in Sources */ = {isa = PBXBuildFile; fileRef = A1000002000000000000AA06 /* DetailView.swift */; };
		A1000001000000000000AA07 /* DropZoneView.swift in Sources */ = {isa = PBXBuildFile; fileRef = A1000002000000000000AA07 /* DropZoneView.swift */; };
		A1000001000000000000AA08 /* Assets.xcassets in Resources */ = {isa = PBXBuildFile; fileRef = A1000002000000000000AA08 /* Assets.xcassets */; };
		A1000001000000000000AA0A /* DropHelper.swift in Sources */ = {isa = PBXBuildFile; fileRef = A1000002000000000000AA0A /* DropHelper.swift */; };
		B10000010000000000000000 /* PPOCREngine.swift in Sources */ = {isa = PBXBuildFile; fileRef = B10000020000000000000000 /* PPOCREngine.swift */; };
		B10000010000000000000001 /* PPTypes.swift in Sources */ = {isa = PBXBuildFile; fileRef = B10000020000000000000001 /* PPTypes.swift */; };
		B10000010000000000000002 /* PPModelStore.swift in Sources */ = {isa = PBXBuildFile; fileRef = B10000020000000000000002 /* PPModelStore.swift */; };
		B10000010000000000000003 /* PPSession.swift in Sources */ = {isa = PBXBuildFile; fileRef = B10000020000000000000003 /* PPSession.swift */; };
		B10000010000000000000004 /* PPDetector.swift in Sources */ = {isa = PBXBuildFile; fileRef = B10000020000000000000004 /* PPDetector.swift */; };
		B10000010000000000000005 /* PPTextLineClassifier.swift in Sources */ = {isa = PBXBuildFile; fileRef = B10000020000000000000005 /* PPTextLineClassifier.swift */; };
		B10000010000000000000006 /* PPRecognizer.swift in Sources */ = {isa = PBXBuildFile; fileRef = B10000020000000000000006 /* PPRecognizer.swift */; };
		B10000010000000000000007 /* PPImageBuffer.swift in Sources */ = {isa = PBXBuildFile; fileRef = B10000020000000000000007 /* PPImageBuffer.swift */; };
		B10000010000000000000008 /* PPGeometry.swift in Sources */ = {isa = PBXBuildFile; fileRef = B10000020000000000000008 /* PPGeometry.swift */; };
		B10000010000000000000009 /* PPConnectedComponents.swift in Sources */ = {isa = PBXBuildFile; fileRef = B10000020000000000000009 /* PPConnectedComponents.swift */; };
		B10000010000000000000A03 /* PaddleOCR in Resources */ = {isa = PBXBuildFile; fileRef = B10000020000000000000A03 /* PaddleOCR */; };
		B10000010000000000000A06 /* onnxruntime in Frameworks */ = {isa = PBXBuildFile; productRef = B1000010000000000000AA05 /* onnxruntime */; };
		B10000010000000000000A07 /* PPDocOrientationClassifier.swift in Sources */ = {isa = PBXBuildFile; fileRef = B10000020000000000000A07 /* PPDocOrientationClassifier.swift */; };
		B1000001000000000000010A /* PPLayoutTypes.swift in Sources */ = {isa = PBXBuildFile; fileRef = B1000002000000000000010A /* PPLayoutTypes.swift */; };
		B1000001000000000000010B /* PPLayoutDetector.swift in Sources */ = {isa = PBXBuildFile; fileRef = B1000002000000000000010B /* PPLayoutDetector.swift */; };
		B1000001000000000000010C /* PPReadingOrder.swift in Sources */ = {isa = PBXBuildFile; fileRef = B1000002000000000000010C /* PPReadingOrder.swift */; };
		B1000001000000000000010D /* PPDocumentAssembler.swift in Sources */ = {isa = PBXBuildFile; fileRef = B1000002000000000000010D /* PPDocumentAssembler.swift */; };
		B1000001000000000000020A /* VLTypes.swift in Sources */ = {isa = PBXBuildFile; fileRef = B1000002000000000000020A /* VLTypes.swift */; };
		B1000001000000000000020B /* VLModelStore.swift in Sources */ = {isa = PBXBuildFile; fileRef = B1000002000000000000020B /* VLModelStore.swift */; };
		B1000001000000000000020C /* VLImageBuffer.swift in Sources */ = {isa = PBXBuildFile; fileRef = B1000002000000000000020C /* VLImageBuffer.swift */; };
		B1000001000000000000020D /* VLEngine.swift in Sources */ = {isa = PBXBuildFile; fileRef = B1000002000000000000020D /* VLEngine.swift */; };
		B1000001000000000000020E /* VLDocumentPipeline.swift in Sources */ = {isa = PBXBuildFile; fileRef = B1000002000000000000020E /* VLDocumentPipeline.swift */; };
		B1000001000000000000030A /* llama.xcframework in Frameworks */ = {isa = PBXBuildFile; fileRef = B1000002000000000000030A /* llama.xcframework */; };
		B1000001000000000000030B /* llama.xcframework in Embed Frameworks */ = {isa = PBXBuildFile; fileRef = B1000002000000000000030A /* llama.xcframework */; settings = {ATTRIBUTES = (CodeSignOnCopy, RemoveHeadersOnCopy, ); }; };
		B1000001000000000000000A /* PPDictionary.swift in Sources */ = {isa = PBXBuildFile; fileRef = B1000002000000000000000A /* PPDictionary.swift */; };
		B1000001000000000000000B /* PPModelCatalog.swift in Sources */ = {isa = PBXBuildFile; fileRef = B1000002000000000000000B /* PPModelCatalog.swift */; };
		B1000001000000000000000C /* PPModelDownloader.swift in Sources */ = {isa = PBXBuildFile; fileRef = B1000002000000000000000C /* PPModelDownloader.swift */; };
		B1000001000000000000000D /* ModelManagerView.swift in Sources */ = {isa = PBXBuildFile; fileRef = B1000002000000000000000D /* ModelManagerView.swift */; };
		B1000001000000000000001A /* MarkdownRenderer.swift in Sources */ = {isa = PBXBuildFile; fileRef = B1000002000000000000001A /* MarkdownRenderer.swift */; };
		B1000001000000000000000E /* SettingsView.swift in Sources */ = {isa = PBXBuildFile; fileRef = B1000002000000000000000E /* SettingsView.swift */; };
		B1000001000000000000010E /* PPStructureAssembler.swift in Sources */ = {isa = PBXBuildFile; fileRef = B1000002000000000000010E /* PPStructureAssembler.swift */; };
		B100000100000000000000AB /* MathRenderer.swift in Sources */ = {isa = PBXBuildFile; fileRef = B100000200000000000000AB /* MathRenderer.swift */; };
		B1000001000000000000010F /* PPLayoutPostProcess.swift in Sources */ = {isa = PBXBuildFile; fileRef = B1000002000000000000010F /* PPLayoutPostProcess.swift */; };
		B10000010000000000000A08 /* PPDocUnwarper.swift in Sources */ = {isa = PBXBuildFile; fileRef = B10000020000000000000A08 /* PPDocUnwarper.swift */; };
/* End PBXBuildFile section */

/* Begin PBXFileReference section */
		A1000002000000000000AA00 /* OCRFlow.app */ = {isa = PBXFileReference; explicitFileType = wrapper.application; includeInIndex = 0; path = OCRFlow.app; sourceTree = BUILT_PRODUCTS_DIR; };
		A1000002000000000000AA01 /* OCRFlowApp.swift */ = {isa = PBXFileReference; lastKnownFileType = sourcecode.swift; path = OCRFlowApp.swift; sourceTree = "<group>"; };
		A1000002000000000000AA02 /* ContentView.swift */ = {isa = PBXFileReference; lastKnownFileType = sourcecode.swift; path = ContentView.swift; sourceTree = "<group>"; };
		A1000002000000000000AA03 /* ImageItem.swift */ = {isa = PBXFileReference; lastKnownFileType = sourcecode.swift; path = ImageItem.swift; sourceTree = "<group>"; };
		A1000002000000000000AA04 /* OCRViewModel.swift */ = {isa = PBXFileReference; lastKnownFileType = sourcecode.swift; path = OCRViewModel.swift; sourceTree = "<group>"; };
		A1000002000000000000AA05 /* SidebarView.swift */ = {isa = PBXFileReference; lastKnownFileType = sourcecode.swift; path = SidebarView.swift; sourceTree = "<group>"; };
		A1000002000000000000AA06 /* DetailView.swift */ = {isa = PBXFileReference; lastKnownFileType = sourcecode.swift; path = DetailView.swift; sourceTree = "<group>"; };
		A1000002000000000000AA07 /* DropZoneView.swift */ = {isa = PBXFileReference; lastKnownFileType = sourcecode.swift; path = DropZoneView.swift; sourceTree = "<group>"; };
		A1000002000000000000AA08 /* Assets.xcassets */ = {isa = PBXFileReference; lastKnownFileType = folder.assetcatalog; path = Assets.xcassets; sourceTree = "<group>"; };
		A1000002000000000000AA09 /* Info.plist */ = {isa = PBXFileReference; lastKnownFileType = text.plist.xml; path = Info.plist; sourceTree = "<group>"; };
		A1000002000000000000AA0A /* DropHelper.swift */ = {isa = PBXFileReference; lastKnownFileType = sourcecode.swift; path = DropHelper.swift; sourceTree = "<group>"; };
		B10000020000000000000000 /* PPOCREngine.swift */ = {isa = PBXFileReference; lastKnownFileType = sourcecode.swift; path = PPOCREngine.swift; sourceTree = "<group>"; };
		B10000020000000000000001 /* PPTypes.swift */ = {isa = PBXFileReference; lastKnownFileType = sourcecode.swift; path = PPTypes.swift; sourceTree = "<group>"; };
		B10000020000000000000002 /* PPModelStore.swift */ = {isa = PBXFileReference; lastKnownFileType = sourcecode.swift; path = PPModelStore.swift; sourceTree = "<group>"; };
		B10000020000000000000003 /* PPSession.swift */ = {isa = PBXFileReference; lastKnownFileType = sourcecode.swift; path = PPSession.swift; sourceTree = "<group>"; };
		B10000020000000000000004 /* PPDetector.swift */ = {isa = PBXFileReference; lastKnownFileType = sourcecode.swift; path = PPDetector.swift; sourceTree = "<group>"; };
		B10000020000000000000005 /* PPTextLineClassifier.swift */ = {isa = PBXFileReference; lastKnownFileType = sourcecode.swift; path = PPTextLineClassifier.swift; sourceTree = "<group>"; };
		B10000020000000000000006 /* PPRecognizer.swift */ = {isa = PBXFileReference; lastKnownFileType = sourcecode.swift; path = PPRecognizer.swift; sourceTree = "<group>"; };
		B10000020000000000000007 /* PPImageBuffer.swift */ = {isa = PBXFileReference; lastKnownFileType = sourcecode.swift; path = PPImageBuffer.swift; sourceTree = "<group>"; };
		B10000020000000000000008 /* PPGeometry.swift */ = {isa = PBXFileReference; lastKnownFileType = sourcecode.swift; path = PPGeometry.swift; sourceTree = "<group>"; };
		B10000020000000000000009 /* PPConnectedComponents.swift */ = {isa = PBXFileReference; lastKnownFileType = sourcecode.swift; path = PPConnectedComponents.swift; sourceTree = "<group>"; };
		B10000020000000000000A03 /* PaddleOCR */ = {isa = PBXFileReference; lastKnownFileType = folder; path = PaddleOCR; sourceTree = "<group>"; };
		B10000020000000000000A07 /* PPDocOrientationClassifier.swift */ = {isa = PBXFileReference; lastKnownFileType = sourcecode.swift; path = PPDocOrientationClassifier.swift; sourceTree = "<group>"; };
		B1000002000000000000010A /* PPLayoutTypes.swift */ = {isa = PBXFileReference; lastKnownFileType = sourcecode.swift; path = PPLayoutTypes.swift; sourceTree = "<group>"; };
		B1000002000000000000010B /* PPLayoutDetector.swift */ = {isa = PBXFileReference; lastKnownFileType = sourcecode.swift; path = PPLayoutDetector.swift; sourceTree = "<group>"; };
		B1000002000000000000010C /* PPReadingOrder.swift */ = {isa = PBXFileReference; lastKnownFileType = sourcecode.swift; path = PPReadingOrder.swift; sourceTree = "<group>"; };
		B1000002000000000000010D /* PPDocumentAssembler.swift */ = {isa = PBXFileReference; lastKnownFileType = sourcecode.swift; path = PPDocumentAssembler.swift; sourceTree = "<group>"; };
		B1000002000000000000020A /* VLTypes.swift */ = {isa = PBXFileReference; lastKnownFileType = sourcecode.swift; path = VLTypes.swift; sourceTree = "<group>"; };
		B1000002000000000000020B /* VLModelStore.swift */ = {isa = PBXFileReference; lastKnownFileType = sourcecode.swift; path = VLModelStore.swift; sourceTree = "<group>"; };
		B1000002000000000000020C /* VLImageBuffer.swift */ = {isa = PBXFileReference; lastKnownFileType = sourcecode.swift; path = VLImageBuffer.swift; sourceTree = "<group>"; };
		B1000002000000000000020D /* VLEngine.swift */ = {isa = PBXFileReference; lastKnownFileType = sourcecode.swift; path = VLEngine.swift; sourceTree = "<group>"; };
		B1000002000000000000020E /* VLDocumentPipeline.swift */ = {isa = PBXFileReference; lastKnownFileType = sourcecode.swift; path = VLDocumentPipeline.swift; sourceTree = "<group>"; };
		B1000002000000000000030A /* llama.xcframework */ = {isa = PBXFileReference; lastKnownFileType = wrapper.xcframework; name = llama.xcframework; path = Vendor/llama.xcframework; sourceTree = SOURCE_ROOT; };
		B1000002000000000000000A /* PPDictionary.swift */ = {isa = PBXFileReference; lastKnownFileType = sourcecode.swift; path = PPDictionary.swift; sourceTree = "<group>"; };
		B1000002000000000000000B /* PPModelCatalog.swift */ = {isa = PBXFileReference; lastKnownFileType = sourcecode.swift; path = PPModelCatalog.swift; sourceTree = "<group>"; };
		B1000002000000000000000C /* PPModelDownloader.swift */ = {isa = PBXFileReference; lastKnownFileType = sourcecode.swift; path = PPModelDownloader.swift; sourceTree = "<group>"; };
		B1000002000000000000000D /* ModelManagerView.swift */ = {isa = PBXFileReference; lastKnownFileType = sourcecode.swift; path = ModelManagerView.swift; sourceTree = "<group>"; };
		B1000002000000000000001A /* MarkdownRenderer.swift */ = {isa = PBXFileReference; lastKnownFileType = sourcecode.swift; path = MarkdownRenderer.swift; sourceTree = "<group>"; };
		B1000002000000000000000E /* SettingsView.swift */ = {isa = PBXFileReference; lastKnownFileType = sourcecode.swift; path = SettingsView.swift; sourceTree = "<group>"; };
		B1000002000000000000010E /* PPStructureAssembler.swift */ = {isa = PBXFileReference; lastKnownFileType = sourcecode.swift; path = PPStructureAssembler.swift; sourceTree = "<group>"; };
		B100000200000000000000AB /* MathRenderer.swift */ = {isa = PBXFileReference; lastKnownFileType = sourcecode.swift; path = MathRenderer.swift; sourceTree = "<group>"; };
		B1000002000000000000010F /* PPLayoutPostProcess.swift */ = {isa = PBXFileReference; lastKnownFileType = sourcecode.swift; path = PPLayoutPostProcess.swift; sourceTree = "<group>"; };
		B10000020000000000000A08 /* PPDocUnwarper.swift */ = {isa = PBXFileReference; lastKnownFileType = sourcecode.swift; path = PPDocUnwarper.swift; sourceTree = "<group>"; };
/* End PBXFileReference section */

/* Begin PBXFrameworksBuildPhase section */
		A1000003000000000000AA01 /* Frameworks */ = {
			isa = PBXFrameworksBuildPhase;
			buildActionMask = 2147483647;
			files = (
				B10000010000000000000A06 /* onnxruntime in Frameworks */,
				B1000001000000000000030A /* llama.xcframework in Frameworks */,
			);
			runOnlyForDeploymentPostprocessing = 0;
		};
/* End PBXFrameworksBuildPhase section */

/* Begin PBXGroup section */
		A1000004000000000000AA00 = {
			isa = PBXGroup;
			children = (
				A1000004000000000000AA01 /* OCRFlow */,
				A1000004000000000000AA02 /* Products */,
				B1000002000000000000030A /* llama.xcframework */,
			);
			sourceTree = "<group>";
		};
		A1000004000000000000AA01 /* OCRFlow */ = {
			isa = PBXGroup;
			children = (
				A1000002000000000000AA01 /* OCRFlowApp.swift */,
				A1000002000000000000AA02 /* ContentView.swift */,
				A1000004000000000000AA03 /* Models */,
				A1000004000000000000AA04 /* ViewModels */,
				A1000004000000000000AA05 /* Views */,
				B10000040000000000000A01 /* PaddleOCR */,
				B1000004000000000000010A /* Layout */,
				B1000004000000000000020A /* PaddleVL */,
				B10000040000000000000A02 /* Resources */,
				A1000002000000000000AA08 /* Assets.xcassets */,
				A1000002000000000000AA09 /* Info.plist */,
			);
			path = OCRFlow;
			sourceTree = "<group>";
		};
		A1000004000000000000AA02 /* Products */ = {
			isa = PBXGroup;
			children = (
				A1000002000000000000AA00 /* OCRFlow.app */,
			);
			name = Products;
			sourceTree = "<group>";
		};
		A1000004000000000000AA03 /* Models */ = {
			isa = PBXGroup;
			children = (
				A1000002000000000000AA03 /* ImageItem.swift */,
			);
			path = Models;
			sourceTree = "<group>";
		};
		A1000004000000000000AA04 /* ViewModels */ = {
			isa = PBXGroup;
			children = (
				A1000002000000000000AA04 /* OCRViewModel.swift */,
			);
			path = ViewModels;
			sourceTree = "<group>";
		};
		A1000004000000000000AA05 /* Views */ = {
			isa = PBXGroup;
			children = (
				A1000002000000000000AA05 /* SidebarView.swift */,
				A1000002000000000000AA06 /* DetailView.swift */,
				A1000002000000000000AA07 /* DropZoneView.swift */,
				A1000002000000000000AA0A /* DropHelper.swift */,
				B1000002000000000000000D /* ModelManagerView.swift */,
				B1000002000000000000000E /* SettingsView.swift */,
				B1000002000000000000001A /* MarkdownRenderer.swift */,
				B100000200000000000000AB /* MathRenderer.swift */,
			);
			path = Views;
			sourceTree = "<group>";
		};
		B10000040000000000000A01 /* PaddleOCR */ = {
			isa = PBXGroup;
			children = (
				B10000020000000000000000 /* PPOCREngine.swift */,
				B10000020000000000000001 /* PPTypes.swift */,
				B10000020000000000000002 /* PPModelStore.swift */,
				B10000020000000000000003 /* PPSession.swift */,
				B10000020000000000000004 /* PPDetector.swift */,
				B10000020000000000000A07 /* PPDocOrientationClassifier.swift */,
				B10000020000000000000005 /* PPTextLineClassifier.swift */,
				B10000020000000000000006 /* PPRecognizer.swift */,
				B10000020000000000000007 /* PPImageBuffer.swift */,
				B10000020000000000000008 /* PPGeometry.swift */,
				B10000020000000000000009 /* PPConnectedComponents.swift */,
				B1000002000000000000000A /* PPDictionary.swift */,
				B1000002000000000000000B /* PPModelCatalog.swift */,
				B1000002000000000000000C /* PPModelDownloader.swift */,
				B10000020000000000000A08 /* PPDocUnwarper.swift */,
			);
			path = PaddleOCR;
			sourceTree = "<group>";
		};
		B1000004000000000000010A /* Layout */ = {
			isa = PBXGroup;
			children = (
				B1000002000000000000010A /* PPLayoutTypes.swift */,
				B1000002000000000000010B /* PPLayoutDetector.swift */,
				B1000002000000000000010C /* PPReadingOrder.swift */,
				B1000002000000000000010D /* PPDocumentAssembler.swift */,
				B1000002000000000000010E /* PPStructureAssembler.swift */,
				B1000002000000000000010F /* PPLayoutPostProcess.swift */,
			);
			path = Layout;
			sourceTree = "<group>";
		};
		B1000004000000000000020A /* PaddleVL */ = {
			isa = PBXGroup;
			children = (
				B1000002000000000000020A /* VLTypes.swift */,
				B1000002000000000000020B /* VLModelStore.swift */,
				B1000002000000000000020C /* VLImageBuffer.swift */,
				B1000002000000000000020D /* VLEngine.swift */,
				B1000002000000000000020E /* VLDocumentPipeline.swift */,
			);
			path = PaddleVL;
			sourceTree = "<group>";
		};
		B10000040000000000000A02 /* Resources */ = {
			isa = PBXGroup;
			children = (
				B10000020000000000000A03 /* PaddleOCR */,
			);
			path = Resources;
			sourceTree = "<group>";
		};
/* End PBXGroup section */

/* Begin PBXNativeTarget section */
		A1000005000000000000AA01 /* OCRFlow */ = {
			isa = PBXNativeTarget;
			buildConfigurationList = A1000008000000000000AA02 /* Build configuration list for PBXNativeTarget "OCRFlow" */;
			buildPhases = (
				A1000006000000000000AA01 /* Sources */,
				A1000003000000000000AA01 /* Frameworks */,
				A1000007000000000000AA01 /* Resources */,
				B1000005000000000000030A /* Embed Frameworks */,
			);
			buildRules = (
			);
			dependencies = (
			);
			name = OCRFlow;
			packageProductDependencies = (
				B1000010000000000000AA05 /* onnxruntime */,
			);
			productName = OCRFlow;
			productReference = A1000002000000000000AA00 /* OCRFlow.app */;
			productType = "com.apple.product-type.application";
		};
/* End PBXNativeTarget section */

/* Begin PBXProject section */
		A1000009000000000000AA01 /* Project object */ = {
			isa = PBXProject;
			attributes = {
				BuildIndependentTargetsInParallel = 1;
				LastSwiftUpdateCheck = 1500;
				LastUpgradeCheck = 2630;
				TargetAttributes = {
					A1000005000000000000AA01 = {
						CreatedOnToolsVersion = 15.0;
					};
				};
			};
			buildConfigurationList = A1000008000000000000AA01 /* Build configuration list for PBXProject "OCRFlow" */;
			compatibilityVersion = "Xcode 14.0";
			developmentRegion = en;
			hasScannedForEncodings = 0;
			knownRegions = (
				en,
				Base,
			);
			mainGroup = A1000004000000000000AA00;
			productRefGroup = A1000004000000000000AA02 /* Products */;
			packageReferences = (
				B10000090000000000000A04 /* XCRemoteSwiftPackageReference "onnxruntime-swift-package-manager" */,
			);
			projectDirPath = "";
			projectRoot = "";
			targets = (
				A1000005000000000000AA01 /* OCRFlow */,
			);
		};
/* End PBXProject section */

/* Begin PBXCopyFilesBuildPhase section */
		B1000005000000000000030A /* Embed Frameworks */ = {
			isa = PBXCopyFilesBuildPhase;
			buildActionMask = 2147483647;
			dstPath = "";
			dstSubfolderSpec = 10;
			files = (
				B1000001000000000000030B /* llama.xcframework in Embed Frameworks */,
			);
			name = "Embed Frameworks";
			runOnlyForDeploymentPostprocessing = 0;
		};
/* End PBXCopyFilesBuildPhase section */

/* Begin PBXResourcesBuildPhase section */
		A1000007000000000000AA01 /* Resources */ = {
			isa = PBXResourcesBuildPhase;
			buildActionMask = 2147483647;
			files = (
				A1000001000000000000AA08 /* Assets.xcassets in Resources */,
				B10000010000000000000A03 /* PaddleOCR in Resources */,
			);
			runOnlyForDeploymentPostprocessing = 0;
		};
/* End PBXResourcesBuildPhase section */

/* Begin PBXSourcesBuildPhase section */
		A1000006000000000000AA01 /* Sources */ = {
			isa = PBXSourcesBuildPhase;
			buildActionMask = 2147483647;
			files = (
				A1000001000000000000AA01 /* OCRFlowApp.swift in Sources */,
				A1000001000000000000AA02 /* ContentView.swift in Sources */,
				A1000001000000000000AA03 /* ImageItem.swift in Sources */,
				A1000001000000000000AA04 /* OCRViewModel.swift in Sources */,
				A1000001000000000000AA05 /* SidebarView.swift in Sources */,
				A1000001000000000000AA06 /* DetailView.swift in Sources */,
				A1000001000000000000AA07 /* DropZoneView.swift in Sources */,
				A1000001000000000000AA0A /* DropHelper.swift in Sources */,
				B10000010000000000000000 /* PPOCREngine.swift in Sources */,
				B10000010000000000000001 /* PPTypes.swift in Sources */,
				B10000010000000000000002 /* PPModelStore.swift in Sources */,
				B10000010000000000000003 /* PPSession.swift in Sources */,
				B10000010000000000000004 /* PPDetector.swift in Sources */,
				B10000010000000000000A07 /* PPDocOrientationClassifier.swift in Sources */,
				B10000010000000000000005 /* PPTextLineClassifier.swift in Sources */,
				B10000010000000000000006 /* PPRecognizer.swift in Sources */,
				B10000010000000000000007 /* PPImageBuffer.swift in Sources */,
				B10000010000000000000008 /* PPGeometry.swift in Sources */,
				B10000010000000000000009 /* PPConnectedComponents.swift in Sources */,
				B1000001000000000000010A /* PPLayoutTypes.swift in Sources */,
				B1000001000000000000010B /* PPLayoutDetector.swift in Sources */,
				B1000001000000000000010C /* PPReadingOrder.swift in Sources */,
				B1000001000000000000010D /* PPDocumentAssembler.swift in Sources */,
				B1000001000000000000020A /* VLTypes.swift in Sources */,
				B1000001000000000000020B /* VLModelStore.swift in Sources */,
				B1000001000000000000020C /* VLImageBuffer.swift in Sources */,
				B1000001000000000000020D /* VLEngine.swift in Sources */,
				B1000001000000000000020E /* VLDocumentPipeline.swift in Sources */,
				B1000001000000000000000A /* PPDictionary.swift in Sources */,
				B1000001000000000000000B /* PPModelCatalog.swift in Sources */,
				B1000001000000000000000C /* PPModelDownloader.swift in Sources */,
				B1000001000000000000000D /* ModelManagerView.swift in Sources */,
				B1000001000000000000000E /* SettingsView.swift in Sources */,
				B1000001000000000000001A /* MarkdownRenderer.swift in Sources */,
				B1000001000000000000010E /* PPStructureAssembler.swift in Sources */,
				B100000100000000000000AB /* MathRenderer.swift in Sources */,
				B1000001000000000000010F /* PPLayoutPostProcess.swift in Sources */,
				B10000010000000000000A08 /* PPDocUnwarper.swift in Sources */,
			);
			runOnlyForDeploymentPostprocessing = 0;
		};
/* End PBXSourcesBuildPhase section */

/* Begin XCBuildConfiguration section */
		A100000A000000000000AA01 /* Debug */ = {
			isa = XCBuildConfiguration;
			buildSettings = {
				ALWAYS_SEARCH_USER_PATHS = NO;
				ASSETCATALOG_COMPILER_GENERATE_SWIFT_ASSET_SYMBOL_EXTENSIONS = YES;
				CLANG_ANALYZER_NONNULL = YES;
				CLANG_ANALYZER_NUMBER_OBJECT_CONVERSION = YES_AGGRESSIVE;
				CLANG_CXX_LANGUAGE_STANDARD = "gnu++20";
				CLANG_ENABLE_MODULES = YES;
				CLANG_ENABLE_OBJC_ARC = YES;
				CLANG_ENABLE_OBJC_WEAK = YES;
				CLANG_WARN_BLOCK_CAPTURE_AUTORELEASING = YES;
				CLANG_WARN_BOOL_CONVERSION = YES;
				CLANG_WARN_COMMA = YES;
				CLANG_WARN_CONSTANT_CONVERSION = YES;
				CLANG_WARN_DEPRECATED_OBJC_IMPLEMENTATIONS = YES;
				CLANG_WARN_DIRECT_OBJC_ISA_USAGE = YES_ERROR;
				CLANG_WARN_DOCUMENTATION_COMMENTS = YES;
				CLANG_WARN_EMPTY_BODY = YES;
				CLANG_WARN_ENUM_CONVERSION = YES;
				CLANG_WARN_INFINITE_RECURSION = YES;
				CLANG_WARN_INT_CONVERSION = YES;
				CLANG_WARN_NON_LITERAL_NULL_CONVERSION = YES;
				CLANG_WARN_OBJC_IMPLICIT_RETAIN_CYCLE = YES;
				CLANG_WARN_OBJC_IMPLICIT_RETAIN_SELF = YES;
				CLANG_WARN_OBJC_LITERAL_CONVERSION = YES;
				CLANG_WARN_OBJC_ROOT_CLASS = YES_ERROR;
				CLANG_WARN_QUOTED_INCLUDE_IN_FRAMEWORK_HEADER = YES;
				CLANG_WARN_RANGE_LOOP_ANALYSIS = YES;
				CLANG_WARN_STRICT_PROTOTYPES = YES;
				CLANG_WARN_SUSPICIOUS_MOVE = YES;
				CLANG_WARN_UNGUARDED_AVAILABILITY = YES_AGGRESSIVE;
				CLANG_WARN_UNREACHABLE_CODE = YES;
				CLANG_WARN__DUPLICATE_METHOD_MATCH = YES;
				COPY_PHASE_STRIP = NO;
				DEAD_CODE_STRIPPING = YES;
				DEBUG_INFORMATION_FORMAT = dwarf;
				ENABLE_STRICT_OBJC_MSGSEND = YES;
				ENABLE_TESTABILITY = YES;
				ENABLE_USER_SCRIPT_SANDBOXING = YES;
				GCC_C_LANGUAGE_STANDARD = gnu17;
				GCC_DYNAMIC_NO_PIC = NO;
				GCC_NO_COMMON_BLOCKS = YES;
				GCC_OPTIMIZATION_LEVEL = 0;
				GCC_PREPROCESSOR_DEFINITIONS = (
					"DEBUG=1",
					"$(inherited)",
				);
				GCC_WARN_64_TO_32_BIT_CONVERSION = YES;
				GCC_WARN_ABOUT_RETURN_TYPE = YES_ERROR;
				GCC_WARN_UNDECLARED_SELECTOR = YES;
				GCC_WARN_UNINITIALIZED_AUTOS = YES_AGGRESSIVE;
				GCC_WARN_UNUSED_FUNCTION = YES;
				GCC_WARN_UNUSED_VARIABLE = YES;
				LOCALIZATION_PREFERS_STRING_CATALOGS = YES;
				MACOSX_DEPLOYMENT_TARGET = 14.0;
				MTL_ENABLE_DEBUG_INFO = INCLUDE_SOURCE;
				MTL_FAST_MATH = YES;
				ONLY_ACTIVE_ARCH = YES;
				SDKROOT = macosx;
				STRING_CATALOG_GENERATE_SYMBOLS = YES;
				SWIFT_ACTIVE_COMPILATION_CONDITIONS = "DEBUG $(inherited)";
				SWIFT_OPTIMIZATION_LEVEL = "-Onone";
			};
			name = Debug;
		};
		A100000A000000000000AA02 /* Release */ = {
			isa = XCBuildConfiguration;
			buildSettings = {
				ALWAYS_SEARCH_USER_PATHS = NO;
				ASSETCATALOG_COMPILER_GENERATE_SWIFT_ASSET_SYMBOL_EXTENSIONS = YES;
				CLANG_ANALYZER_NONNULL = YES;
				CLANG_ANALYZER_NUMBER_OBJECT_CONVERSION = YES_AGGRESSIVE;
				CLANG_CXX_LANGUAGE_STANDARD = "gnu++20";
				CLANG_ENABLE_MODULES = YES;
				CLANG_ENABLE_OBJC_ARC = YES;
				CLANG_ENABLE_OBJC_WEAK = YES;
				CLANG_WARN_BLOCK_CAPTURE_AUTORELEASING = YES;
				CLANG_WARN_BOOL_CONVERSION = YES;
				CLANG_WARN_COMMA = YES;
				CLANG_WARN_CONSTANT_CONVERSION = YES;
				CLANG_WARN_DEPRECATED_OBJC_IMPLEMENTATIONS = YES;
				CLANG_WARN_DIRECT_OBJC_ISA_USAGE = YES_ERROR;
				CLANG_WARN_DOCUMENTATION_COMMENTS = YES;
				CLANG_WARN_EMPTY_BODY = YES;
				CLANG_WARN_ENUM_CONVERSION = YES;
				CLANG_WARN_INFINITE_RECURSION = YES;
				CLANG_WARN_INT_CONVERSION = YES;
				CLANG_WARN_NON_LITERAL_NULL_CONVERSION = YES;
				CLANG_WARN_OBJC_IMPLICIT_RETAIN_CYCLE = YES;
				CLANG_WARN_OBJC_IMPLICIT_RETAIN_SELF = YES;
				CLANG_WARN_OBJC_LITERAL_CONVERSION = YES;
				CLANG_WARN_OBJC_ROOT_CLASS = YES_ERROR;
				CLANG_WARN_QUOTED_INCLUDE_IN_FRAMEWORK_HEADER = YES;
				CLANG_WARN_RANGE_LOOP_ANALYSIS = YES;
				CLANG_WARN_STRICT_PROTOTYPES = YES;
				CLANG_WARN_SUSPICIOUS_MOVE = YES;
				CLANG_WARN_UNGUARDED_AVAILABILITY = YES_AGGRESSIVE;
				CLANG_WARN_UNREACHABLE_CODE = YES;
				CLANG_WARN__DUPLICATE_METHOD_MATCH = YES;
				COPY_PHASE_STRIP = NO;
				DEAD_CODE_STRIPPING = YES;
				DEBUG_INFORMATION_FORMAT = "dwarf-with-dsym";
				ENABLE_NS_ASSERTIONS = NO;
				ENABLE_STRICT_OBJC_MSGSEND = YES;
				ENABLE_USER_SCRIPT_SANDBOXING = YES;
				GCC_C_LANGUAGE_STANDARD = gnu17;
				GCC_NO_COMMON_BLOCKS = YES;
				GCC_WARN_64_TO_32_BIT_CONVERSION = YES;
				GCC_WARN_ABOUT_RETURN_TYPE = YES_ERROR;
				GCC_WARN_UNDECLARED_SELECTOR = YES;
				GCC_WARN_UNINITIALIZED_AUTOS = YES_AGGRESSIVE;
				GCC_WARN_UNUSED_FUNCTION = YES;
				GCC_WARN_UNUSED_VARIABLE = YES;
				LOCALIZATION_PREFERS_STRING_CATALOGS = YES;
				MACOSX_DEPLOYMENT_TARGET = 14.0;
				MTL_FAST_MATH = YES;
				SDKROOT = macosx;
				STRING_CATALOG_GENERATE_SYMBOLS = YES;
				SWIFT_COMPILATION_MODE = wholemodule;
			};
			name = Release;
		};
		A100000A000000000000AA03 /* Debug */ = {
			isa = XCBuildConfiguration;
			buildSettings = {
				ASSETCATALOG_COMPILER_APPICON_NAME = AppIcon;
				ASSETCATALOG_COMPILER_GLOBAL_ACCENT_COLOR_NAME = AccentColor;
				CODE_SIGN_ENTITLEMENTS = "";
				CODE_SIGN_STYLE = Automatic;
				COMBINE_HIDPI_IMAGES = YES;
				CURRENT_PROJECT_VERSION = 1;
				DEAD_CODE_STRIPPING = YES;
				DEVELOPMENT_TEAM = "";
				GENERATE_INFOPLIST_FILE = NO;
				INFOPLIST_FILE = OCRFlow/Info.plist;
				INFOPLIST_KEY_NSHumanReadableCopyright = "";
				LD_RUNPATH_SEARCH_PATHS = (
					"$(inherited)",
					"@executable_path/../Frameworks",
				);
				MARKETING_VERSION = 1.0;
				PRODUCT_BUNDLE_IDENTIFIER = com.ocrflow.app;
				PRODUCT_NAME = "$(TARGET_NAME)";
				SWIFT_EMIT_LOC_STRINGS = YES;
				FRAMEWORK_SEARCH_PATHS = (
					"$(inherited)",
					"$(SRCROOT)/Vendor",
				);
				SWIFT_VERSION = 5.0;
				VERSIONING_SYSTEM = "apple-generic";
			};
			name = Debug;
		};
		A100000A000000000000AA04 /* Release */ = {
			isa = XCBuildConfiguration;
			buildSettings = {
				ASSETCATALOG_COMPILER_APPICON_NAME = AppIcon;
				ASSETCATALOG_COMPILER_GLOBAL_ACCENT_COLOR_NAME = AccentColor;
				CODE_SIGN_ENTITLEMENTS = "";
				CODE_SIGN_STYLE = Automatic;
				COMBINE_HIDPI_IMAGES = YES;
				CURRENT_PROJECT_VERSION = 1;
				DEAD_CODE_STRIPPING = YES;
				DEVELOPMENT_TEAM = "";
				GENERATE_INFOPLIST_FILE = NO;
				INFOPLIST_FILE = OCRFlow/Info.plist;
				INFOPLIST_KEY_NSHumanReadableCopyright = "";
				LD_RUNPATH_SEARCH_PATHS = (
					"$(inherited)",
					"@executable_path/../Frameworks",
				);
				MARKETING_VERSION = 1.0;
				PRODUCT_BUNDLE_IDENTIFIER = com.ocrflow.app;
				PRODUCT_NAME = "$(TARGET_NAME)";
				SWIFT_EMIT_LOC_STRINGS = YES;
				FRAMEWORK_SEARCH_PATHS = (
					"$(inherited)",
					"$(SRCROOT)/Vendor",
				);
				SWIFT_VERSION = 5.0;
				VERSIONING_SYSTEM = "apple-generic";
			};
			name = Release;
		};
/* End XCBuildConfiguration section */


/* Begin XCConfigurationList section */
		A1000008000000000000AA01 /* Build configuration list for PBXProject "OCRFlow" */ = {
			isa = XCConfigurationList;
			buildConfigurations = (
				A100000A000000000000AA01 /* Debug */,
				A100000A000000000000AA02 /* Release */,
			);
			defaultConfigurationIsVisible = 0;
			defaultConfigurationName = Release;
		};
		A1000008000000000000AA02 /* Build configuration list for PBXNativeTarget "OCRFlow" */ = {
			isa = XCConfigurationList;
			buildConfigurations = (
				A100000A000000000000AA03 /* Debug */,
				A100000A000000000000AA04 /* Release */,
			);
			defaultConfigurationIsVisible = 0;
			defaultConfigurationName = Release;
		};
/* End XCConfigurationList section */

/* Begin XCRemoteSwiftPackageReference section */
		B10000090000000000000A04 /* XCRemoteSwiftPackageReference "onnxruntime-swift-package-manager" */ = {
			isa = XCRemoteSwiftPackageReference;
			repositoryURL = "https://github.com/microsoft/onnxruntime-swift-package-manager";
			requirement = {
				kind = exactVersion;
				version = 1.24.2;
			};
		};
/* End XCRemoteSwiftPackageReference section */

/* Begin XCSwiftPackageProductDependency section */
		B1000010000000000000AA05 /* onnxruntime */ = {
			isa = XCSwiftPackageProductDependency;
			package = B10000090000000000000A04 /* XCRemoteSwiftPackageReference "onnxruntime-swift-package-manager" */;
			productName = onnxruntime;
		};
/* End XCSwiftPackageProductDependency section */

	};
	rootObject = A1000009000000000000AA01 /* Project object */;
}
